{
  "name": "npm-package-frontend-test",
  "version": "1.0.0",
  "lockfileVersion": 1,
  "requires": true,
  "dependencies": {
    "silly-input": {
      "version": "1.0.1",
      "resolved": "https://registry.npmjs.org/silly-input/-/silly-input-1.0.1.tgz",
      "integrity": "sha512-efp2WU3tyEVr3RbCsFkZxRbHKR2tbj1VgqQevlJurxG8JUG70vub0cU5mte/vcwTptYXD2/rdDp3JWCljSt1ew=="
    }
  }
}
